
Microsoft Visual Studio Solution File, Format Version 12.00
# Visual Studio Version 16
VisualStudioVersion = 16.0.28803.202
MinimumVisualStudioVersion = 10.0.40219.1
Project("{FAE04EC0-301F-11D3-BF4B-00C04F79EFBC}") = "LAB_8", "LAB_8.csproj", "{5182AAEB-D9DE-4B99-A28C-5728D352B2EF}"
EndProject
Global
	GlobalSection(SolutionConfigurationPlatforms) = preSolution
		Debug|Any CPU = Debug|Any CPU
		Release|Any CPU = Release|Any CPU
	EndGlobalSection
	GlobalSection(ProjectConfigurationPlatforms) = postSolution
		{5182AAEB-D9DE-4B99-A28C-5728D352B2EF}.Debug|Any CPU.ActiveCfg = Debug|Any CPU
		{5182AAEB-D9DE-4B99-A28C-5728D352B2EF}.Debug|Any CPU.Build.0 = Debug|Any CPU
		{5182AAEB-D9DE-4B99-A28C-5728D352B2EF}.Release|Any CPU.ActiveCfg = Release|Any CPU
		{5182AAEB-D9DE-4B99-A28C-5728D352B2EF}.Release|Any CPU.Build.0 = Release|Any CPU
	EndGlobalSection
	GlobalSection(SolutionProperties) = preSolution
		HideSolutionNode = FALSE
	EndGlobalSection
	GlobalSection(ExtensibilityGlobals) = postSolution
		SolutionGuid = {8575F2EF-682D-4027-B4D9-00A851E7B2F1}
	EndGlobalSection
EndGlobal
